
Microsoft Visual Studio Solution File, Format Version 12.00
# Visual Studio Version 17
VisualStudioVersion = 17.9.34622.214
MinimumVisualStudioVersion = 10.0.40219.1
Project("{888888A0-9F3D-457C-B088-3A5042F75D52}") = "Chapter 2.3 Implementing Method Overloading Using Variable-length Arguments", "Chapter 2.3 Implementing Method Overloading Using Variable-length Arguments.pyproj", "{B70C3C84-2840-4800-8A58-5304AC950B0E}"
EndProject
Global
	GlobalSection(SolutionConfigurationPlatforms) = preSolution
		Debug|Any CPU = Debug|Any CPU
		Release|Any CPU = Release|Any CPU
	EndGlobalSection
	GlobalSection(ProjectConfigurationPlatforms) = postSolution
		{B70C3C84-2840-4800-8A58-5304AC950B0E}.Debug|Any CPU.ActiveCfg = Debug|Any CPU
		{B70C3C84-2840-4800-8A58-5304AC950B0E}.Release|Any CPU.ActiveCfg = Release|Any CPU
	EndGlobalSection
	GlobalSection(SolutionProperties) = preSolution
		HideSolutionNode = FALSE
	EndGlobalSection
	GlobalSection(ExtensibilityGlobals) = postSolution
		SolutionGuid = {9A7A0D90-76A7-47B3-9755-BDEFD8B13B77}
	EndGlobalSection
EndGlobal
